
Microsoft Visual Studio Solution File, Format Version 12.00
# Visual Studio 14
VisualStudioVersion = 14.0.25420.1
MinimumVisualStudioVersion = 10.0.40219.1
Project("{FAE04EC0-301F-11D3-BF4B-00C04F79EFBC}") = "LunarBotRuntime", "LunarBotRuntime\LunarBotRuntime.csproj", "{DC6112EA-E748-4EA0-A9C2-9B20FAEA6F9E}"
EndProject
Project("{FAE04EC0-301F-11D3-BF4B-00C04F79EFBC}") = "ExamplePlugin", "ExamplePlugin\ExamplePlugin.csproj", "{88895A04-CE6F-448E-8E05-E2FE4603714F}"
EndProject
Global
	GlobalSection(SolutionConfigurationPlatforms) = preSolution
		Debug|Any CPU = Debug|Any CPU
		Release|Any CPU = Release|Any CPU
	EndGlobalSection
	GlobalSection(ProjectConfigurationPlatforms) = postSolution
		{DC6112EA-E748-4EA0-A9C2-9B20FAEA6F9E}.Debug|Any CPU.ActiveCfg = Debug|Any CPU
		{DC6112EA-E748-4EA0-A9C2-9B20FAEA6F9E}.Debug|Any CPU.Build.0 = Debug|Any CPU
		{DC6112EA-E748-4EA0-A9C2-9B20FAEA6F9E}.Release|Any CPU.ActiveCfg = Release|Any CPU
		{DC6112EA-E748-4EA0-A9C2-9B20FAEA6F9E}.Release|Any CPU.Build.0 = Release|Any CPU
		{88895A04-CE6F-448E-8E05-E2FE4603714F}.Debug|Any CPU.ActiveCfg = Debug|Any CPU
		{88895A04-CE6F-448E-8E05-E2FE4603714F}.Debug|Any CPU.Build.0 = Debug|Any CPU
		{88895A04-CE6F-448E-8E05-E2FE4603714F}.Release|Any CPU.ActiveCfg = Release|Any CPU
		{88895A04-CE6F-448E-8E05-E2FE4603714F}.Release|Any CPU.Build.0 = Release|Any CPU
	EndGlobalSection
	GlobalSection(SolutionProperties) = preSolution
		HideSolutionNode = FALSE
	EndGlobalSection
EndGlobal
